PODS:
  - Swinject (2.1.0)

DEPENDENCIES:
  - Swinject (from `https://github.com/Swinject/Swinject.git`, branch `swift4`)

EXTERNAL SOURCES:
  Swinject:
    :branch: swift4
    :git: https://github.com/Swinject/Swinject.git

CHECKOUT OPTIONS:
  Swinject:
    :commit: 4b3d047cd6745a276d20e5e2fe6ded7fd6b4454e
    :git: https://github.com/Swinject/Swinject.git

SPEC CHECKSUMS:
  Swinject: 4793342bed1bed528c7e97d5bae3e7a60e3bdcac

PODFILE CHECKSUM: 83c98547bac49922e7de4478508fd922630b4b09

COCOAPODS: 1.1.1
